
Microsoft Visual Studio Solution File, Format Version 10.00
# Visual Studio 2008
Project("{D183A3D8-5FD8-494B-B014-37F57B35E655}") = "LoadAuditDDL", "LoadAuditDDL\LoadAuditDDL.dtproj", "{8C3B9ABA-D35C-4A4D-BFB6-BFF6356D73BE}"
EndProject
Global
	GlobalSection(SolutionConfigurationPlatforms) = preSolution
		Development|Default = Development|Default
	EndGlobalSection
	GlobalSection(ProjectConfigurationPlatforms) = postSolution
		{8C3B9ABA-D35C-4A4D-BFB6-BFF6356D73BE}.Development|Default.ActiveCfg = Development
		{8C3B9ABA-D35C-4A4D-BFB6-BFF6356D73BE}.Development|Default.Build.0 = Development
	EndGlobalSection
	GlobalSection(SolutionProperties) = preSolution
		HideSolutionNode = FALSE
	EndGlobalSection
EndGlobal
