
Microsoft Visual Studio Solution File, Format Version 10.00
# Visual Studio 2008
Project("{F14B399A-7131-4C87-9E4B-1186C45EF12D}") = "Database Change Review", "Database Change Review\Database Change Review.rptproj", "{E0E69731-FC45-4C24-8E33-70A85D6F3656}"
EndProject
Global
	GlobalSection(TeamFoundationVersionControl) = preSolution
		SccNumberOfProjects = 2
		SccEnterpriseProvider = {4CA58AB2-18FA-4F8D-95D4-32DDF27D184C}
		SccTeamFoundationServer = http://tfs.libertytax.net:8080/tfs/Liberty
		SccLocalPath0 = .
		SccProjectUniqueName1 = Database\u0020Change\u0020Review\\Database\u0020Change\u0020Review.rptproj
		SccProjectName1 = Database\u0020Change\u0020Review
		SccLocalPath1 = Database\u0020Change\u0020Review
	EndGlobalSection
	GlobalSection(SolutionConfigurationPlatforms) = preSolution
		Debug|Default = Debug|Default
		DebugLocal|Default = DebugLocal|Default
		Release|Default = Release|Default
	EndGlobalSection
	GlobalSection(ProjectConfigurationPlatforms) = postSolution
		{E0E69731-FC45-4C24-8E33-70A85D6F3656}.Debug|Default.ActiveCfg = Debug
		{E0E69731-FC45-4C24-8E33-70A85D6F3656}.Debug|Default.Build.0 = DebugLocal
		{E0E69731-FC45-4C24-8E33-70A85D6F3656}.Debug|Default.Deploy.0 = DebugLocal
		{E0E69731-FC45-4C24-8E33-70A85D6F3656}.DebugLocal|Default.ActiveCfg = DebugLocal
		{E0E69731-FC45-4C24-8E33-70A85D6F3656}.DebugLocal|Default.Build.0 = DebugLocal
		{E0E69731-FC45-4C24-8E33-70A85D6F3656}.Release|Default.ActiveCfg = Release
		{E0E69731-FC45-4C24-8E33-70A85D6F3656}.Release|Default.Build.0 = Release
		{E0E69731-FC45-4C24-8E33-70A85D6F3656}.Release|Default.Deploy.0 = Release
	EndGlobalSection
	GlobalSection(SolutionProperties) = preSolution
		HideSolutionNode = FALSE
	EndGlobalSection
EndGlobal
