
Microsoft Visual Studio Solution File, Format Version 10.00
# Visual Studio 2008
Project("{D183A3D8-5FD8-494B-B014-37F57B35E655}") = "Pull_Security_for_FO", "Pull_Security_for_FO\Pull_Security_for_FO.dtproj", "{F402088D-AFAE-4C94-A971-A746229D2470}"
EndProject
Global
	GlobalSection(SolutionConfigurationPlatforms) = preSolution
		Development|Default = Development|Default
	EndGlobalSection
	GlobalSection(ProjectConfigurationPlatforms) = postSolution
		{F402088D-AFAE-4C94-A971-A746229D2470}.Development|Default.ActiveCfg = Development
		{F402088D-AFAE-4C94-A971-A746229D2470}.Development|Default.Build.0 = Development
	EndGlobalSection
	GlobalSection(SolutionProperties) = preSolution
		HideSolutionNode = FALSE
	EndGlobalSection
EndGlobal
