
Microsoft Visual Studio Solution File, Format Version 12.00
# Visual Studio 2012
Project("{FAE04EC0-301F-11D3-BF4B-00C04F79EFBC}") = "SsdtDeployment", "SSDT_Deployment\SsdtDeployment.csproj", "{A556F3F2-2C39-4D37-AD63-5256F2B4D8B7}"
EndProject
Project("{FAE04EC0-301F-11D3-BF4B-00C04F79EFBC}") = "PublishProfile.UnitTests", "PublishProfile.UnitTests\PublishProfile.UnitTests.csproj", "{7F4CC49C-77B3-4FFA-B52F-D01105427DB3}"
EndProject
Project("{2150E333-8FDC-42A3-9474-1A3956D46DE8}") = "Solution Items", "Solution Items", "{2251B0CA-E6E1-4C55-93D4-4565340E48B6}"
	ProjectSection(SolutionItems) = preProject
		Local.testsettings = Local.testsettings
		SSDT_Deployment.vsmdi = SSDT_Deployment.vsmdi
		TraceAndTestImpact.testsettings = TraceAndTestImpact.testsettings
	EndProjectSection
EndProject
Global
	GlobalSection(TeamFoundationVersionControl) = preSolution
		SccNumberOfProjects = 3
		SccEnterpriseProvider = {4CA58AB2-18FA-4F8D-95D4-32DDF27D184C}
		SccTeamFoundationServer = http://tfs.libertytax.net:8080/tfs/liberty
		SccLocalPath0 = .
		SccProjectUniqueName1 = SSDT_Deployment\\SsdtDeployment.csproj
		SccProjectName1 = SSDT_Deployment
		SccLocalPath1 = SSDT_Deployment
		SccProjectUniqueName2 = PublishProfile.UnitTests\\PublishProfile.UnitTests.csproj
		SccProjectName2 = PublishProfile.UnitTests
		SccLocalPath2 = PublishProfile.UnitTests
	EndGlobalSection
	GlobalSection(TestCaseManagementSettings) = postSolution
		CategoryFile = SSDT_Deployment.vsmdi
	EndGlobalSection
	GlobalSection(SolutionConfigurationPlatforms) = preSolution
		Debug|Any CPU = Debug|Any CPU
		Debug|Mixed Platforms = Debug|Mixed Platforms
		Debug|x86 = Debug|x86
		Release|Any CPU = Release|Any CPU
		Release|Mixed Platforms = Release|Mixed Platforms
		Release|x86 = Release|x86
	EndGlobalSection
	GlobalSection(ProjectConfigurationPlatforms) = postSolution
		{A556F3F2-2C39-4D37-AD63-5256F2B4D8B7}.Debug|Any CPU.ActiveCfg = Debug|x86
		{A556F3F2-2C39-4D37-AD63-5256F2B4D8B7}.Debug|Mixed Platforms.ActiveCfg = Debug|x86
		{A556F3F2-2C39-4D37-AD63-5256F2B4D8B7}.Debug|Mixed Platforms.Build.0 = Debug|x86
		{A556F3F2-2C39-4D37-AD63-5256F2B4D8B7}.Debug|x86.ActiveCfg = Debug|x86
		{A556F3F2-2C39-4D37-AD63-5256F2B4D8B7}.Debug|x86.Build.0 = Debug|x86
		{A556F3F2-2C39-4D37-AD63-5256F2B4D8B7}.Release|Any CPU.ActiveCfg = Release|x86
		{A556F3F2-2C39-4D37-AD63-5256F2B4D8B7}.Release|Mixed Platforms.ActiveCfg = Release|x86
		{A556F3F2-2C39-4D37-AD63-5256F2B4D8B7}.Release|Mixed Platforms.Build.0 = Release|x86
		{A556F3F2-2C39-4D37-AD63-5256F2B4D8B7}.Release|x86.ActiveCfg = Release|x86
		{A556F3F2-2C39-4D37-AD63-5256F2B4D8B7}.Release|x86.Build.0 = Release|x86
		{7F4CC49C-77B3-4FFA-B52F-D01105427DB3}.Debug|Any CPU.ActiveCfg = Debug|Any CPU
		{7F4CC49C-77B3-4FFA-B52F-D01105427DB3}.Debug|Any CPU.Build.0 = Debug|Any CPU
		{7F4CC49C-77B3-4FFA-B52F-D01105427DB3}.Debug|Mixed Platforms.ActiveCfg = Debug|Any CPU
		{7F4CC49C-77B3-4FFA-B52F-D01105427DB3}.Debug|Mixed Platforms.Build.0 = Debug|Any CPU
		{7F4CC49C-77B3-4FFA-B52F-D01105427DB3}.Debug|x86.ActiveCfg = Debug|x86
		{7F4CC49C-77B3-4FFA-B52F-D01105427DB3}.Debug|x86.Build.0 = Debug|x86
		{7F4CC49C-77B3-4FFA-B52F-D01105427DB3}.Release|Any CPU.ActiveCfg = Release|Any CPU
		{7F4CC49C-77B3-4FFA-B52F-D01105427DB3}.Release|Any CPU.Build.0 = Release|Any CPU
		{7F4CC49C-77B3-4FFA-B52F-D01105427DB3}.Release|Mixed Platforms.ActiveCfg = Release|Any CPU
		{7F4CC49C-77B3-4FFA-B52F-D01105427DB3}.Release|Mixed Platforms.Build.0 = Release|Any CPU
		{7F4CC49C-77B3-4FFA-B52F-D01105427DB3}.Release|x86.ActiveCfg = Release|Any CPU
	EndGlobalSection
	GlobalSection(SolutionProperties) = preSolution
		HideSolutionNode = FALSE
	EndGlobalSection
EndGlobal
